
Microsoft Visual Studio Solution File, Format Version 12.00
# Visual Studio 2015
Project("{FAE04EC0-301F-11D3-BF4B-00C04F79EFBC}") = "BoxRunner.CSharp", "BoxRunner.CSharp.csproj", "{638F829C-CA62-1A3A-B024-376F80983907}"
EndProject
Global
	GlobalSection(SolutionConfigurationPlatforms) = preSolution
		Debug|Any CPU = Debug|Any CPU
		Release|Any CPU = Release|Any CPU
	EndGlobalSection
	GlobalSection(ProjectConfigurationPlatforms) = postSolution
		{638F829C-CA62-1A3A-B024-376F80983907}.Debug|Any CPU.ActiveCfg = Debug|Any CPU
		{638F829C-CA62-1A3A-B024-376F80983907}.Debug|Any CPU.Build.0 = Debug|Any CPU
		{638F829C-CA62-1A3A-B024-376F80983907}.Release|Any CPU.ActiveCfg = Release|Any CPU
		{638F829C-CA62-1A3A-B024-376F80983907}.Release|Any CPU.Build.0 = Release|Any CPU
	EndGlobalSection
	GlobalSection(SolutionProperties) = preSolution
		HideSolutionNode = FALSE
	EndGlobalSection
EndGlobal
